
Microsoft Visual Studio Solution File, Format Version 12.00
# Visual Studio 2013
VisualStudioVersion = 12.0.30501.0
MinimumVisualStudioVersion = 10.0.40219.1
Project("{FAE04EC0-301F-11D3-BF4B-00C04F79EFBC}") = "Facade", "Facade\Facade.csproj", "{3947C741-3CD5-4CC3-BA09-293E4E2097DB}"
EndProject
Project("{FAE04EC0-301F-11D3-BF4B-00C04F79EFBC}") = "FacadeInRealWorld", "FacadeInRealWorld\FacadeInRealWorld.csproj", "{3C6D96CE-DA18-4626-A2CE-AF94F5C900B1}"
EndProject
Global
	GlobalSection(SolutionConfigurationPlatforms) = preSolution
		Debug|Any CPU = Debug|Any CPU
		Release|Any CPU = Release|Any CPU
	EndGlobalSection
	GlobalSection(ProjectConfigurationPlatforms) = postSolution
		{3947C741-3CD5-4CC3-BA09-293E4E2097DB}.Debug|Any CPU.ActiveCfg = Debug|Any CPU
		{3947C741-3CD5-4CC3-BA09-293E4E2097DB}.Debug|Any CPU.Build.0 = Debug|Any CPU
		{3947C741-3CD5-4CC3-BA09-293E4E2097DB}.Release|Any CPU.ActiveCfg = Release|Any CPU
		{3947C741-3CD5-4CC3-BA09-293E4E2097DB}.Release|Any CPU.Build.0 = Release|Any CPU
		{3C6D96CE-DA18-4626-A2CE-AF94F5C900B1}.Debug|Any CPU.ActiveCfg = Debug|Any CPU
		{3C6D96CE-DA18-4626-A2CE-AF94F5C900B1}.Debug|Any CPU.Build.0 = Debug|Any CPU
		{3C6D96CE-DA18-4626-A2CE-AF94F5C900B1}.Release|Any CPU.ActiveCfg = Release|Any CPU
		{3C6D96CE-DA18-4626-A2CE-AF94F5C900B1}.Release|Any CPU.Build.0 = Release|Any CPU
	EndGlobalSection
	GlobalSection(SolutionProperties) = preSolution
		HideSolutionNode = FALSE
	EndGlobalSection
EndGlobal
